
Microsoft Visual Studio Solution File, Format Version 12.00
# Visual Studio Version 17
VisualStudioVersion = 17.3.32901.215
MinimumVisualStudioVersion = 10.0.40219.1
Project("{FAE04EC0-301F-11D3-BF4B-00C04F79EFBC}") = "Proyecto-EC1", "Proyecto-EC1\Proyecto-EC1.csproj", "{6752D098-A7EF-4052-9F46-158648785712}"
EndProject
Global
	GlobalSection(SolutionConfigurationPlatforms) = preSolution
		Debug|Any CPU = Debug|Any CPU
		Release|Any CPU = Release|Any CPU
	EndGlobalSection
	GlobalSection(ProjectConfigurationPlatforms) = postSolution
		{6752D098-A7EF-4052-9F46-158648785712}.Debug|Any CPU.ActiveCfg = Debug|Any CPU
		{6752D098-A7EF-4052-9F46-158648785712}.Debug|Any CPU.Build.0 = Debug|Any CPU
		{6752D098-A7EF-4052-9F46-158648785712}.Release|Any CPU.ActiveCfg = Release|Any CPU
		{6752D098-A7EF-4052-9F46-158648785712}.Release|Any CPU.Build.0 = Release|Any CPU
	EndGlobalSection
	GlobalSection(SolutionProperties) = preSolution
		HideSolutionNode = FALSE
	EndGlobalSection
	GlobalSection(ExtensibilityGlobals) = postSolution
		SolutionGuid = {4B973BB8-7D9A-4B56-BF86-083E755AA55D}
	EndGlobalSection
EndGlobal
